schema: '2.0'
stages:
  process-data:
    cmd: "python ocmscripts/dataset.py data/external/2023-clb-multisite.csv data/external/2023-isb-multisite.csv
      --output-path=data/processed/dataset.csv\n"
    deps:
    - path: data/external/2023-clb-multisite.csv
      hash: md5
      md5: 0ee586c452452c781e8b6c22b5e5ef71
      size: 111721
    - path: data/external/2023-isb-multisite.csv
      hash: md5
      md5: 24c25eedd6a832e595b12bd6b822a25c
      size: 204462
    - path: ocmscripts/dataset.py
      hash: md5
      md5: 6a1a78323e11e878a4a9d67920da3871
      size: 1542
    - path: uv.lock
      hash: md5
      md5: 7387f8e205e23df05c342c92686c57d6
      size: 487037
    outs:
    - path: data/processed/dataset.csv
      hash: md5
      md5: c7594f5e32db1539f4b496505dfef880
      size: 278344
  sampling:
    cmd: "lyscripts sample --configs models/configs/simple.ly.yaml --configs models/configs/max_llh.ly.yaml
      --configs models/configs/sampling.ly.yaml --data.source data/processed/dataset.csv\n"
    deps:
    - path: data/processed/dataset.csv
      hash: md5
      md5: c7594f5e32db1539f4b496505dfef880
      size: 278344
    - path: uv.lock
      hash: md5
      md5: 7387f8e205e23df05c342c92686c57d6
      size: 487037
    params:
      models/configs/max_llh.ly.yaml:
        modalities:
          max_llh:
            spec: 1.0
            sens: 1.0
            kind: pathological
        version: 1
      models/configs/sampling.ly.yaml:
        sampling:
          storage_file: models/samples/simple.hdf5
          history_file: models/histories/simple.csv
          dataset: mcmc
          seed: 42
          walkers_per_dim: 20
          check_interval: 50
          trust_factor: 50
          relative_thresh: 0.05
          thin_by: 50
          num_steps: 100
          inverse_temp: 1
        version: 1
      models/configs/simple.ly.yaml:
        distributions:
          early:
            kind: frozen
            func: binomial
            params:
              p: 0.3
          late:
            kind: parametric
            func: binomial
            params:
              p: 0.5
        graph:
          tumor:
            T:
            - II
            - III
          lnl:
            II:
            - III
            III: []
        model:
          class_name: Unilateral
          constructor: binary
          max_time: 10
        version: 1
    outs:
    - path: models/histories/simple.csv
      hash: md5
      md5: c96ad6278d54694b444c58130d3994b6
      size: 1654
    - path: models/samples/simple.hdf5
      hash: md5
      md5: 2b331bee1e23dd8298d3e7252bbbace9
      size: 14083648
  risks:
    cmd: "lyscripts compute risks --configs models/configs/simple.ly.yaml --configs
      models/configs/sampling.ly.yaml --configs models/configs/scenarios.ly.yaml --risks.file
      models/risks/simple.hdf5\n"
    deps:
    - path: models/samples/simple.hdf5
      hash: md5
      md5: 2b331bee1e23dd8298d3e7252bbbace9
      size: 14083648
    - path: uv.lock
      hash: md5
      md5: 7387f8e205e23df05c342c92686c57d6
      size: 487037
    params:
      models/configs/sampling.ly.yaml:
        sampling:
          storage_file: models/samples/simple.hdf5
          history_file: models/histories/simple.csv
          dataset: mcmc
          seed: 42
          walkers_per_dim: 20
          check_interval: 50
          trust_factor: 50
          relative_thresh: 0.05
          thin_by: 50
          num_steps: 100
          inverse_temp: 1
        version: 1
      models/configs/scenarios.ly.yaml:
        modalities:
          CT:
            spec: 0.8
            sens: 0.8
        scenarios:
        - t_stages:
          - early
          mode: HMM
          diagnosis:
            ipsi:
              CT:
                II: healthy
                III: healthy
          involvement:
            ipsi:
              III: involved
        - t_stages:
          - late
          mode: HMM
          diagnosis:
            ipsi:
              CT:
                II: involved
                III: healthy
          involvement:
            ipsi:
              III: involved
        version: 1
      models/configs/simple.ly.yaml:
        distributions:
          early:
            kind: frozen
            func: binomial
            params:
              p: 0.3
          late:
            kind: parametric
            func: binomial
            params:
              p: 0.5
        graph:
          tumor:
            T:
            - II
            - III
          lnl:
            II:
            - III
            III: []
        model:
          class_name: Unilateral
          constructor: binary
          max_time: 10
        version: 1
    outs:
    - path: models/risks/simple.hdf5
      hash: md5
      md5: 62ed35683465a451521f86a0b6d149ce
      size: 163600
  prevalences:
    cmd: "lyscripts compute prevalences --configs models/configs/simple.ly.yaml --configs
      models/configs/sampling.ly.yaml --configs models/configs/scenarios.ly.yaml --prevalences.file
      models/prevalences/simple.hdf5 --data.source data/processed/dataset.csv\n"
    deps:
    - path: data/processed/dataset.csv
      hash: md5
      md5: c7594f5e32db1539f4b496505dfef880
      size: 278344
    - path: models/samples/simple.hdf5
      hash: md5
      md5: 2b331bee1e23dd8298d3e7252bbbace9
      size: 14083648
    - path: uv.lock
      hash: md5
      md5: 7387f8e205e23df05c342c92686c57d6
      size: 487037
    params:
      models/configs/sampling.ly.yaml:
        sampling:
          storage_file: models/samples/simple.hdf5
          history_file: models/histories/simple.csv
          dataset: mcmc
          seed: 42
          walkers_per_dim: 20
          check_interval: 50
          trust_factor: 50
          relative_thresh: 0.05
          thin_by: 50
          num_steps: 100
          inverse_temp: 1
        version: 1
      models/configs/scenarios.ly.yaml:
        modalities:
          CT:
            spec: 0.8
            sens: 0.8
        scenarios:
        - t_stages:
          - early
          mode: HMM
          diagnosis:
            ipsi:
              CT:
                II: healthy
                III: healthy
          involvement:
            ipsi:
              III: involved
        - t_stages:
          - late
          mode: HMM
          diagnosis:
            ipsi:
              CT:
                II: involved
                III: healthy
          involvement:
            ipsi:
              III: involved
        version: 1
      models/configs/simple.ly.yaml:
        distributions:
          early:
            kind: frozen
            func: binomial
            params:
              p: 0.3
          late:
            kind: parametric
            func: binomial
            params:
              p: 0.5
        graph:
          tumor:
            T:
            - II
            - III
          lnl:
            II:
            - III
            III: []
        model:
          class_name: Unilateral
          constructor: binary
          max_time: 10
        version: 1
    outs:
    - path: models/prevalences/simple.hdf5
      hash: md5
      md5: 609d347387aa728385421ccaef38268d
      size: 163824
